# Generated by move; do not edit
# This file should be checked in.

[move]
version = 4

[pinned.mainnet.Bridge]
source = { git = "https://github.com/MystenLabs/sui.git", subdir = "crates/sui-framework/packages/bridge", rev = "209f0da8e316ba6eb7310d1667bdb22ae7fcb9c1" }
use_environment = "mainnet"
manifest_digest = "FA55F5E195D94C3C2B182BA11AE2F62BD66880623F9D0A4A06544183F9C8319E"
deps = { MoveStdlib = "MoveStdlib", Sui = "Sui", SuiSystem = "SuiSystem" }

[pinned.mainnet.MoveStdlib]
source = { git = "https://github.com/MystenLabs/sui.git", subdir = "crates/sui-framework/packages/move-stdlib", rev = "209f0da8e316ba6eb7310d1667bdb22ae7fcb9c1" }
use_environment = "mainnet"
manifest_digest = "C4FE4C91DE74CBF223B2E380AE40F592177D21870DC2D7EB6227D2D694E05363"
deps = {}

[pinned.mainnet.Sui]
source = { git = "https://github.com/MystenLabs/sui.git", subdir = "crates/sui-framework/packages/sui-framework", rev = "209f0da8e316ba6eb7310d1667bdb22ae7fcb9c1" }
use_environment = "mainnet"
manifest_digest = "CD547CB1ACCE0880C835DAED2D8FFCB91D56C833AE5240D3AA5B918398263195"
deps = { MoveStdlib = "MoveStdlib" }

[pinned.mainnet.SuiSystem]
source = { git = "https://github.com/MystenLabs/sui.git", subdir = "crates/sui-framework/packages/sui-system", rev = "209f0da8e316ba6eb7310d1667bdb22ae7fcb9c1" }
use_environment = "mainnet"
manifest_digest = "CCBB2DE961DACC94644C65D54E808DEF86BC7E9C42A494D5250CC5F99392E069"
deps = { MoveStdlib = "MoveStdlib", Sui = "Sui" }

[pinned.mainnet.overflow]
source = { root = true }
use_environment = "mainnet"
manifest_digest = "250CDF9E659903A6C5BD796DD956212DF51DDF43C6D6199DFA8AA6912FD16AEF"
deps = { Bridge = "Bridge", MoveStdlib = "MoveStdlib", Sui = "Sui", SuiSystem = "SuiSystem" }
